
Microsoft Visual Studio Solution File, Format Version 12.00
# Visual Studio Version 17
VisualStudioVersion = 17.4.33122.133
MinimumVisualStudioVersion = 10.0.40219.1
Project("{8BC9CEB8-8B4A-11D0-8D11-00A0C91BC942}") = "AdventOfCode2021-Day1", "AdventOfCode2021-Day1\AdventOfCode2021-Day1.vcxproj", "{590153C2-57AD-4FB1-97CF-BBB645B3811A}"
EndProject
Project("{8BC9CEB8-8B4A-11D0-8D11-00A0C91BC942}") = "AdventOfCode2021-Day2", "AdventOfCode2021-Day2\AdventOfCode2021-Day2.vcxproj", "{BD0DD386-2950-4418-8037-DB398B5417CF}"
EndProject
Project("{8BC9CEB8-8B4A-11D0-8D11-00A0C91BC942}") = "AdventOfCode2021-Day3", "AdventOfCode2021-Day3\AdventOfCode2021-Day3.vcxproj", "{4B447B98-C83F-4415-AE01-C062B688E58C}"
EndProject
Project("{8BC9CEB8-8B4A-11D0-8D11-00A0C91BC942}") = "AdventOfCode2021-Day4", "AdventOfCode2021-Day4\AdventOfCode2021-Day4.vcxproj", "{5894FE0F-8B15-494C-8E08-20970F5D632B}"
EndProject
Project("{8BC9CEB8-8B4A-11D0-8D11-00A0C91BC942}") = "AdventOfCode2021-Day5", "AdventOfCode2021-Day5\AdventOfCode2021-Day5.vcxproj", "{84D16510-2818-4891-8A2E-99DE74C7034A}"
EndProject
Project("{8BC9CEB8-8B4A-11D0-8D11-00A0C91BC942}") = "AdventOfCode2021-Day6", "AdventOfCode2021-Day6\AdventOfCode2021-Day6.vcxproj", "{CDD01F98-AE16-49DE-925A-10B6AE28F25D}"
EndProject
Project("{8BC9CEB8-8B4A-11D0-8D11-00A0C91BC942}") = "AdventOfCode2021-Day7", "AdventOfCode2021-Day7\AdventOfCode2021-Day7.vcxproj", "{4DBE25EA-0F7A-4F64-9535-75EB9D6F87E5}"
EndProject
Project("{8BC9CEB8-8B4A-11D0-8D11-00A0C91BC942}") = "AdventOfCode2021-Day8", "AdventOfCode2021-Day8\AdventOfCode2021-Day8.vcxproj", "{6167D83E-070E-4157-9FB3-CE912784EA3E}"
EndProject
Project("{8BC9CEB8-8B4A-11D0-8D11-00A0C91BC942}") = "AdventOfCode2021-Day9", "AdventOfCode2021-Day9\AdventOfCode2021-Day9.vcxproj", "{14AFB309-0445-45E6-85AC-A3187F5EB54F}"
EndProject
Project("{8BC9CEB8-8B4A-11D0-8D11-00A0C91BC942}") = "AdventOfCode2021-Day10", "AdventOfCode2021-Day10\AdventOfCode2021-Day10.vcxproj", "{88A2FCCA-7BFD-4274-B4FE-2B969B22DFEF}"
EndProject
Project("{8BC9CEB8-8B4A-11D0-8D11-00A0C91BC942}") = "AdventOfCode2021-Day11", "AdventOfCode2021-Day11\AdventOfCode2021-Day11.vcxproj", "{F245C578-DA88-4727-AF50-6DD64EF764CD}"
EndProject
Project("{8BC9CEB8-8B4A-11D0-8D11-00A0C91BC942}") = "AdventOfCode2021-Day12", "AdventOfCode2021-Day12\AdventOfCode2021-Day12.vcxproj", "{94076176-C87C-4728-8F66-891567209256}"
EndProject
Project("{8BC9CEB8-8B4A-11D0-8D11-00A0C91BC942}") = "AdventOfCode2021-Day13", "AdventOfCode2021-Day13\AdventOfCode2021-Day13.vcxproj", "{5A5C3BE6-E1AC-4D02-B96F-5273E582895F}"
EndProject
Project("{8BC9CEB8-8B4A-11D0-8D11-00A0C91BC942}") = "AdventOfCode2021-Day14", "AdventOfCode2021-Day14\AdventOfCode2021-Day14.vcxproj", "{0285C5C3-026D-4F5B-B5B2-EB845F680F6C}"
EndProject
Project("{8BC9CEB8-8B4A-11D0-8D11-00A0C91BC942}") = "AdventOfCode2021-Day15", "AdventOfCode2021-Day15\AdventOfCode2021-Day15.vcxproj", "{DA572A0B-CE94-417D-9A88-18060A39C711}"
EndProject
Project("{8BC9CEB8-8B4A-11D0-8D11-00A0C91BC942}") = "AdventOfCode2021-Day16", "AdventOfCode2021-Day16\AdventOfCode2021-Day16.vcxproj", "{B6C2615A-3F94-4A0A-8481-507128865812}"
EndProject
Project("{8BC9CEB8-8B4A-11D0-8D11-00A0C91BC942}") = "AdventOfCode2021-Day17", "AdventOfCode2021-Day17\AdventOfCode2021-Day17.vcxproj", "{1B306831-9FF8-497E-869E-6F575698B055}"
EndProject
Project("{8BC9CEB8-8B4A-11D0-8D11-00A0C91BC942}") = "AdventOfCode2021-Day18", "AdventOfCode2021-Day18\AdventOfCode2021-Day18.vcxproj", "{BEA9A494-A7B8-41D6-8814-FD1B6EC151BD}"
EndProject
Project("{8BC9CEB8-8B4A-11D0-8D11-00A0C91BC942}") = "AdventOfCode2021-Day19", "AdventOfCode2021-Day19\AdventOfCode2021-Day19.vcxproj", "{E348CF47-3BD7-4AF2-B16E-C284374C7104}"
EndProject
Project("{8BC9CEB8-8B4A-11D0-8D11-00A0C91BC942}") = "AdventOfCode2021-Day20", "AdventOfCode2021-Day20\AdventOfCode2021-Day20.vcxproj", "{55F79005-87CC-4F93-A1BE-671BDE6DA9C9}"
EndProject
Project("{8BC9CEB8-8B4A-11D0-8D11-00A0C91BC942}") = "AdventOfCode2021-Day21", "AdventOfCode2021-Day21\AdventOfCode2021-Day21.vcxproj", "{8F2E7CB0-001E-4206-8F4A-5415F2C66D52}"
EndProject
Project("{8BC9CEB8-8B4A-11D0-8D11-00A0C91BC942}") = "AdventOfCode2021-Day22", "AdventOfCode2021-Day22\AdventOfCode2021-Day22.vcxproj", "{F9771A26-82A0-4CE9-ACF4-286B80739945}"
EndProject
Project("{8BC9CEB8-8B4A-11D0-8D11-00A0C91BC942}") = "AdventOfCode2021-Day23-Part1", "AdventOfCode2021-Day23-Part1\AdventOfCode2021-Day23-Part1.vcxproj", "{8DED51EB-6D9C-40DA-8304-4935B7F02473}"
EndProject
Project("{8BC9CEB8-8B4A-11D0-8D11-00A0C91BC942}") = "AdventOfCode2021-Day23-Part2", "AdventOfCode2021-Day23-Part2\AdventOfCode2021-Day23-Part2.vcxproj", "{7D6FCC09-17FB-4472-8BA0-EDC2BE7C99D2}"
EndProject
Project("{8BC9CEB8-8B4A-11D0-8D11-00A0C91BC942}") = "AdventOfCode2021-Day24", "AdventOfCode2021-Day24\AdventOfCode2021-Day24.vcxproj", "{EA41C2FB-DBAF-4D9E-B916-6AEB87FBDA41}"
EndProject
Project("{8BC9CEB8-8B4A-11D0-8D11-00A0C91BC942}") = "AdventOfCode2021-Day25", "AdventOfCode2021-Day25\AdventOfCode2021-Day25.vcxproj", "{82F3C3F5-17A2-47E8-83EA-3E3376F6ADB5}"
EndProject
Global
	GlobalSection(SolutionConfigurationPlatforms) = preSolution
		Debug|x64 = Debug|x64
		Debug|x86 = Debug|x86
		Release|x64 = Release|x64
		Release|x86 = Release|x86
	EndGlobalSection
	GlobalSection(ProjectConfigurationPlatforms) = postSolution
		{590153C2-57AD-4FB1-97CF-BBB645B3811A}.Debug|x64.ActiveCfg = Debug|x64
		{590153C2-57AD-4FB1-97CF-BBB645B3811A}.Debug|x64.Build.0 = Debug|x64
		{590153C2-57AD-4FB1-97CF-BBB645B3811A}.Debug|x86.ActiveCfg = Debug|Win32
		{590153C2-57AD-4FB1-97CF-BBB645B3811A}.Debug|x86.Build.0 = Debug|Win32
		{590153C2-57AD-4FB1-97CF-BBB645B3811A}.Release|x64.ActiveCfg = Release|x64
		{590153C2-57AD-4FB1-97CF-BBB645B3811A}.Release|x64.Build.0 = Release|x64
		{590153C2-57AD-4FB1-97CF-BBB645B3811A}.Release|x86.ActiveCfg = Release|Win32
		{590153C2-57AD-4FB1-97CF-BBB645B3811A}.Release|x86.Build.0 = Release|Win32
		{BD0DD386-2950-4418-8037-DB398B5417CF}.Debug|x64.ActiveCfg = Debug|x64
		{BD0DD386-2950-4418-8037-DB398B5417CF}.Debug|x64.Build.0 = Debug|x64
		{BD0DD386-2950-4418-8037-DB398B5417CF}.Debug|x86.ActiveCfg = Debug|Win32
		{BD0DD386-2950-4418-8037-DB398B5417CF}.Debug|x86.Build.0 = Debug|Win32
		{BD0DD386-2950-4418-8037-DB398B5417CF}.Release|x64.ActiveCfg = Release|x64
		{BD0DD386-2950-4418-8037-DB398B5417CF}.Release|x64.Build.0 = Release|x64
		{BD0DD386-2950-4418-8037-DB398B5417CF}.Release|x86.ActiveCfg = Release|Win32
		{BD0DD386-2950-4418-8037-DB398B5417CF}.Release|x86.Build.0 = Release|Win32
		{4B447B98-C83F-4415-AE01-C062B688E58C}.Debug|x64.ActiveCfg = Debug|x64
		{4B447B98-C83F-4415-AE01-C062B688E58C}.Debug|x64.Build.0 = Debug|x64
		{4B447B98-C83F-4415-AE01-C062B688E58C}.Debug|x86.ActiveCfg = Debug|Win32
		{4B447B98-C83F-4415-AE01-C062B688E58C}.Debug|x86.Build.0 = Debug|Win32
		{4B447B98-C83F-4415-AE01-C062B688E58C}.Release|x64.ActiveCfg = Release|x64
		{4B447B98-C83F-4415-AE01-C062B688E58C}.Release|x64.Build.0 = Release|x64
		{4B447B98-C83F-4415-AE01-C062B688E58C}.Release|x86.ActiveCfg = Release|Win32
		{4B447B98-C83F-4415-AE01-C062B688E58C}.Release|x86.Build.0 = Release|Win32
		{5894FE0F-8B15-494C-8E08-20970F5D632B}.Debug|x64.ActiveCfg = Debug|x64
		{5894FE0F-8B15-494C-8E08-20970F5D632B}.Debug|x64.Build.0 = Debug|x64
		{5894FE0F-8B15-494C-8E08-20970F5D632B}.Debug|x86.ActiveCfg = Debug|Win32
		{5894FE0F-8B15-494C-8E08-20970F5D632B}.Debug|x86.Build.0 = Debug|Win32
		{5894FE0F-8B15-494C-8E08-20970F5D632B}.Release|x64.ActiveCfg = Release|x64
		{5894FE0F-8B15-494C-8E08-20970F5D632B}.Release|x64.Build.0 = Release|x64
		{5894FE0F-8B15-494C-8E08-20970F5D632B}.Release|x86.ActiveCfg = Release|Win32
		{5894FE0F-8B15-494C-8E08-20970F5D632B}.Release|x86.Build.0 = Release|Win32
		{84D16510-2818-4891-8A2E-99DE74C7034A}.Debug|x64.ActiveCfg = Debug|x64
		{84D16510-2818-4891-8A2E-99DE74C7034A}.Debug|x64.Build.0 = Debug|x64
		{84D16510-2818-4891-8A2E-99DE74C7034A}.Debug|x86.ActiveCfg = Debug|Win32
		{84D16510-2818-4891-8A2E-99DE74C7034A}.Debug|x86.Build.0 = Debug|Win32
		{84D16510-2818-4891-8A2E-99DE74C7034A}.Release|x64.ActiveCfg = Release|x64
		{84D16510-2818-4891-8A2E-99DE74C7034A}.Release|x64.Build.0 = Release|x64
		{84D16510-2818-4891-8A2E-99DE74C7034A}.Release|x86.ActiveCfg = Release|Win32
		{84D16510-2818-4891-8A2E-99DE74C7034A}.Release|x86.Build.0 = Release|Win32
		{CDD01F98-AE16-49DE-925A-10B6AE28F25D}.Debug|x64.ActiveCfg = Debug|x64
		{CDD01F98-AE16-49DE-925A-10B6AE28F25D}.Debug|x64.Build.0 = Debug|x64
		{CDD01F98-AE16-49DE-925A-10B6AE28F25D}.Debug|x86.ActiveCfg = Debug|Win32
		{CDD01F98-AE16-49DE-925A-10B6AE28F25D}.Debug|x86.Build.0 = Debug|Win32
		{CDD01F98-AE16-49DE-925A-10B6AE28F25D}.Release|x64.ActiveCfg = Release|x64
		{CDD01F98-AE16-49DE-925A-10B6AE28F25D}.Release|x64.Build.0 = Release|x64
		{CDD01F98-AE16-49DE-925A-10B6AE28F25D}.Release|x86.ActiveCfg = Release|Win32
		{CDD01F98-AE16-49DE-925A-10B6AE28F25D}.Release|x86.Build.0 = Release|Win32
		{4DBE25EA-0F7A-4F64-9535-75EB9D6F87E5}.Debug|x64.ActiveCfg = Debug|x64
		{4DBE25EA-0F7A-4F64-9535-75EB9D6F87E5}.Debug|x64.Build.0 = Debug|x64
		{4DBE25EA-0F7A-4F64-9535-75EB9D6F87E5}.Debug|x86.ActiveCfg = Debug|Win32
		{4DBE25EA-0F7A-4F64-9535-75EB9D6F87E5}.Debug|x86.Build.0 = Debug|Win32
		{4DBE25EA-0F7A-4F64-9535-75EB9D6F87E5}.Release|x64.ActiveCfg = Release|x64
		{4DBE25EA-0F7A-4F64-9535-75EB9D6F87E5}.Release|x64.Build.0 = Release|x64
		{4DBE25EA-0F7A-4F64-9535-75EB9D6F87E5}.Release|x86.ActiveCfg = Release|Win32
		{4DBE25EA-0F7A-4F64-9535-75EB9D6F87E5}.Release|x86.Build.0 = Release|Win32
		{6167D83E-070E-4157-9FB3-CE912784EA3E}.Debug|x64.ActiveCfg = Debug|x64
		{6167D83E-070E-4157-9FB3-CE912784EA3E}.Debug|x64.Build.0 = Debug|x64
		{6167D83E-070E-4157-9FB3-CE912784EA3E}.Debug|x86.ActiveCfg = Debug|Win32
		{6167D83E-070E-4157-9FB3-CE912784EA3E}.Debug|x86.Build.0 = Debug|Win32
		{6167D83E-070E-4157-9FB3-CE912784EA3E}.Release|x64.ActiveCfg = Release|x64
		{6167D83E-070E-4157-9FB3-CE912784EA3E}.Release|x64.Build.0 = Release|x64
		{6167D83E-070E-4157-9FB3-CE912784EA3E}.Release|x86.ActiveCfg = Release|Win32
		{6167D83E-070E-4157-9FB3-CE912784EA3E}.Release|x86.Build.0 = Release|Win32
		{14AFB309-0445-45E6-85AC-A3187F5EB54F}.Debug|x64.ActiveCfg = Debug|x64
		{14AFB309-0445-45E6-85AC-A3187F5EB54F}.Debug|x64.Build.0 = Debug|x64
		{14AFB309-0445-45E6-85AC-A3187F5EB54F}.Debug|x86.ActiveCfg = Debug|Win32
		{14AFB309-0445-45E6-85AC-A3187F5EB54F}.Debug|x86.Build.0 = Debug|Win32
		{14AFB309-0445-45E6-85AC-A3187F5EB54F}.Release|x64.ActiveCfg = Release|x64
		{14AFB309-0445-45E6-85AC-A3187F5EB54F}.Release|x64.Build.0 = Release|x64
		{14AFB309-0445-45E6-85AC-A3187F5EB54F}.Release|x86.ActiveCfg = Release|Win32
		{14AFB309-0445-45E6-85AC-A3187F5EB54F}.Release|x86.Build.0 = Release|Win32
		{88A2FCCA-7BFD-4274-B4FE-2B969B22DFEF}.Debug|x64.ActiveCfg = Debug|x64
		{88A2FCCA-7BFD-4274-B4FE-2B969B22DFEF}.Debug|x64.Build.0 = Debug|x64
		{88A2FCCA-7BFD-4274-B4FE-2B969B22DFEF}.Debug|x86.ActiveCfg = Debug|Win32
		{88A2FCCA-7BFD-4274-B4FE-2B969B22DFEF}.Debug|x86.Build.0 = Debug|Win32
		{88A2FCCA-7BFD-4274-B4FE-2B969B22DFEF}.Release|x64.ActiveCfg = Release|x64
		{88A2FCCA-7BFD-4274-B4FE-2B969B22DFEF}.Release|x64.Build.0 = Release|x64
		{88A2FCCA-7BFD-4274-B4FE-2B969B22DFEF}.Release|x86.ActiveCfg = Release|Win32
		{88A2FCCA-7BFD-4274-B4FE-2B969B22DFEF}.Release|x86.Build.0 = Release|Win32
		{F245C578-DA88-4727-AF50-6DD64EF764CD}.Debug|x64.ActiveCfg = Debug|x64
		{F245C578-DA88-4727-AF50-6DD64EF764CD}.Debug|x64.Build.0 = Debug|x64
		{F245C578-DA88-4727-AF50-6DD64EF764CD}.Debug|x86.ActiveCfg = Debug|Win32
		{F245C578-DA88-4727-AF50-6DD64EF764CD}.Debug|x86.Build.0 = Debug|Win32
		{F245C578-DA88-4727-AF50-6DD64EF764CD}.Release|x64.ActiveCfg = Release|x64
		{F245C578-DA88-4727-AF50-6DD64EF764CD}.Release|x64.Build.0 = Release|x64
		{F245C578-DA88-4727-AF50-6DD64EF764CD}.Release|x86.ActiveCfg = Release|Win32
		{F245C578-DA88-4727-AF50-6DD64EF764CD}.Release|x86.Build.0 = Release|Win32
		{94076176-C87C-4728-8F66-891567209256}.Debug|x64.ActiveCfg = Debug|x64
		{94076176-C87C-4728-8F66-891567209256}.Debug|x64.Build.0 = Debug|x64
		{94076176-C87C-4728-8F66-891567209256}.Debug|x86.ActiveCfg = Debug|Win32
		{94076176-C87C-4728-8F66-891567209256}.Debug|x86.Build.0 = Debug|Win32
		{94076176-C87C-4728-8F66-891567209256}.Release|x64.ActiveCfg = Release|x64
		{94076176-C87C-4728-8F66-891567209256}.Release|x64.Build.0 = Release|x64
		{94076176-C87C-4728-8F66-891567209256}.Release|x86.ActiveCfg = Release|Win32
		{94076176-C87C-4728-8F66-891567209256}.Release|x86.Build.0 = Release|Win32
		{5A5C3BE6-E1AC-4D02-B96F-5273E582895F}.Debug|x64.ActiveCfg = Debug|x64
		{5A5C3BE6-E1AC-4D02-B96F-5273E582895F}.Debug|x64.Build.0 = Debug|x64
		{5A5C3BE6-E1AC-4D02-B96F-5273E582895F}.Debug|x86.ActiveCfg = Debug|Win32
		{5A5C3BE6-E1AC-4D02-B96F-5273E582895F}.Debug|x86.Build.0 = Debug|Win32
		{5A5C3BE6-E1AC-4D02-B96F-5273E582895F}.Release|x64.ActiveCfg = Release|x64
		{5A5C3BE6-E1AC-4D02-B96F-5273E582895F}.Release|x64.Build.0 = Release|x64
		{5A5C3BE6-E1AC-4D02-B96F-5273E582895F}.Release|x86.ActiveCfg = Release|Win32
		{5A5C3BE6-E1AC-4D02-B96F-5273E582895F}.Release|x86.Build.0 = Release|Win32
		{0285C5C3-026D-4F5B-B5B2-EB845F680F6C}.Debug|x64.ActiveCfg = Debug|x64
		{0285C5C3-026D-4F5B-B5B2-EB845F680F6C}.Debug|x64.Build.0 = Debug|x64
		{0285C5C3-026D-4F5B-B5B2-EB845F680F6C}.Debug|x86.ActiveCfg = Debug|Win32
		{0285C5C3-026D-4F5B-B5B2-EB845F680F6C}.Debug|x86.Build.0 = Debug|Win32
		{0285C5C3-026D-4F5B-B5B2-EB845F680F6C}.Release|x64.ActiveCfg = Release|x64
		{0285C5C3-026D-4F5B-B5B2-EB845F680F6C}.Release|x64.Build.0 = Release|x64
		{0285C5C3-026D-4F5B-B5B2-EB845F680F6C}.Release|x86.ActiveCfg = Release|Win32
		{0285C5C3-026D-4F5B-B5B2-EB845F680F6C}.Release|x86.Build.0 = Release|Win32
		{DA572A0B-CE94-417D-9A88-18060A39C711}.Debug|x64.ActiveCfg = Debug|x64
		{DA572A0B-CE94-417D-9A88-18060A39C711}.Debug|x64.Build.0 = Debug|x64
		{DA572A0B-CE94-417D-9A88-18060A39C711}.Debug|x86.ActiveCfg = Debug|Win32
		{DA572A0B-CE94-417D-9A88-18060A39C711}.Debug|x86.Build.0 = Debug|Win32
		{DA572A0B-CE94-417D-9A88-18060A39C711}.Release|x64.ActiveCfg = Release|x64
		{DA572A0B-CE94-417D-9A88-18060A39C711}.Release|x64.Build.0 = Release|x64
		{DA572A0B-CE94-417D-9A88-18060A39C711}.Release|x86.ActiveCfg = Release|Win32
		{DA572A0B-CE94-417D-9A88-18060A39C711}.Release|x86.Build.0 = Release|Win32
		{B6C2615A-3F94-4A0A-8481-507128865812}.Debug|x64.ActiveCfg = Debug|x64
		{B6C2615A-3F94-4A0A-8481-507128865812}.Debug|x64.Build.0 = Debug|x64
		{B6C2615A-3F94-4A0A-8481-507128865812}.Debug|x86.ActiveCfg = Debug|Win32
		{B6C2615A-3F94-4A0A-8481-507128865812}.Debug|x86.Build.0 = Debug|Win32
		{B6C2615A-3F94-4A0A-8481-507128865812}.Release|x64.ActiveCfg = Release|x64
		{B6C2615A-3F94-4A0A-8481-507128865812}.Release|x64.Build.0 = Release|x64
		{B6C2615A-3F94-4A0A-8481-507128865812}.Release|x86.ActiveCfg = Release|Win32
		{B6C2615A-3F94-4A0A-8481-507128865812}.Release|x86.Build.0 = Release|Win32
		{1B306831-9FF8-497E-869E-6F575698B055}.Debug|x64.ActiveCfg = Debug|x64
		{1B306831-9FF8-497E-869E-6F575698B055}.Debug|x64.Build.0 = Debug|x64
		{1B306831-9FF8-497E-869E-6F575698B055}.Debug|x86.ActiveCfg = Debug|Win32
		{1B306831-9FF8-497E-869E-6F575698B055}.Debug|x86.Build.0 = Debug|Win32
		{1B306831-9FF8-497E-869E-6F575698B055}.Release|x64.ActiveCfg = Release|x64
		{1B306831-9FF8-497E-869E-6F575698B055}.Release|x64.Build.0 = Release|x64
		{1B306831-9FF8-497E-869E-6F575698B055}.Release|x86.ActiveCfg = Release|Win32
		{1B306831-9FF8-497E-869E-6F575698B055}.Release|x86.Build.0 = Release|Win32
		{BEA9A494-A7B8-41D6-8814-FD1B6EC151BD}.Debug|x64.ActiveCfg = Debug|x64
		{BEA9A494-A7B8-41D6-8814-FD1B6EC151BD}.Debug|x64.Build.0 = Debug|x64
		{BEA9A494-A7B8-41D6-8814-FD1B6EC151BD}.Debug|x86.ActiveCfg = Debug|Win32
		{BEA9A494-A7B8-41D6-8814-FD1B6EC151BD}.Debug|x86.Build.0 = Debug|Win32
		{BEA9A494-A7B8-41D6-8814-FD1B6EC151BD}.Release|x64.ActiveCfg = Release|x64
		{BEA9A494-A7B8-41D6-8814-FD1B6EC151BD}.Release|x64.Build.0 = Release|x64
		{BEA9A494-A7B8-41D6-8814-FD1B6EC151BD}.Release|x86.ActiveCfg = Release|Win32
		{BEA9A494-A7B8-41D6-8814-FD1B6EC151BD}.Release|x86.Build.0 = Release|Win32
		{E348CF47-3BD7-4AF2-B16E-C284374C7104}.Debug|x64.ActiveCfg = Debug|x64
		{E348CF47-3BD7-4AF2-B16E-C284374C7104}.Debug|x64.Build.0 = Debug|x64
		{E348CF47-3BD7-4AF2-B16E-C284374C7104}.Debug|x86.ActiveCfg = Debug|Win32
		{E348CF47-3BD7-4AF2-B16E-C284374C7104}.Debug|x86.Build.0 = Debug|Win32
		{E348CF47-3BD7-4AF2-B16E-C284374C7104}.Release|x64.ActiveCfg = Release|x64
		{E348CF47-3BD7-4AF2-B16E-C284374C7104}.Release|x64.Build.0 = Release|x64
		{E348CF47-3BD7-4AF2-B16E-C284374C7104}.Release|x86.ActiveCfg = Release|Win32
		{E348CF47-3BD7-4AF2-B16E-C284374C7104}.Release|x86.Build.0 = Release|Win32
		{55F79005-87CC-4F93-A1BE-671BDE6DA9C9}.Debug|x64.ActiveCfg = Debug|x64
		{55F79005-87CC-4F93-A1BE-671BDE6DA9C9}.Debug|x64.Build.0 = Debug|x64
		{55F79005-87CC-4F93-A1BE-671BDE6DA9C9}.Debug|x86.ActiveCfg = Debug|Win32
		{55F79005-87CC-4F93-A1BE-671BDE6DA9C9}.Debug|x86.Build.0 = Debug|Win32
		{55F79005-87CC-4F93-A1BE-671BDE6DA9C9}.Release|x64.ActiveCfg = Release|x64
		{55F79005-87CC-4F93-A1BE-671BDE6DA9C9}.Release|x64.Build.0 = Release|x64
		{55F79005-87CC-4F93-A1BE-671BDE6DA9C9}.Release|x86.ActiveCfg = Release|Win32
		{55F79005-87CC-4F93-A1BE-671BDE6DA9C9}.Release|x86.Build.0 = Release|Win32
		{8F2E7CB0-001E-4206-8F4A-5415F2C66D52}.Debug|x64.ActiveCfg = Debug|x64
		{8F2E7CB0-001E-4206-8F4A-5415F2C66D52}.Debug|x64.Build.0 = Debug|x64
		{8F2E7CB0-001E-4206-8F4A-5415F2C66D52}.Debug|x86.ActiveCfg = Debug|Win32
		{8F2E7CB0-001E-4206-8F4A-5415F2C66D52}.Debug|x86.Build.0 = Debug|Win32
		{8F2E7CB0-001E-4206-8F4A-5415F2C66D52}.Release|x64.ActiveCfg = Release|x64
		{8F2E7CB0-001E-4206-8F4A-5415F2C66D52}.Release|x64.Build.0 = Release|x64
		{8F2E7CB0-001E-4206-8F4A-5415F2C66D52}.Release|x86.ActiveCfg = Release|Win32
		{8F2E7CB0-001E-4206-8F4A-5415F2C66D52}.Release|x86.Build.0 = Release|Win32
		{F9771A26-82A0-4CE9-ACF4-286B80739945}.Debug|x64.ActiveCfg = Debug|x64
		{F9771A26-82A0-4CE9-ACF4-286B80739945}.Debug|x64.Build.0 = Debug|x64
		{F9771A26-82A0-4CE9-ACF4-286B80739945}.Debug|x86.ActiveCfg = Debug|Win32
		{F9771A26-82A0-4CE9-ACF4-286B80739945}.Debug|x86.Build.0 = Debug|Win32
		{F9771A26-82A0-4CE9-ACF4-286B80739945}.Release|x64.ActiveCfg = Release|x64
		{F9771A26-82A0-4CE9-ACF4-286B80739945}.Release|x64.Build.0 = Release|x64
		{F9771A26-82A0-4CE9-ACF4-286B80739945}.Release|x86.ActiveCfg = Release|Win32
		{F9771A26-82A0-4CE9-ACF4-286B80739945}.Release|x86.Build.0 = Release|Win32
		{8DED51EB-6D9C-40DA-8304-4935B7F02473}.Debug|x64.ActiveCfg = Debug|x64
		{8DED51EB-6D9C-40DA-8304-4935B7F02473}.Debug|x64.Build.0 = Debug|x64
		{8DED51EB-6D9C-40DA-8304-4935B7F02473}.Debug|x86.ActiveCfg = Debug|Win32
		{8DED51EB-6D9C-40DA-8304-4935B7F02473}.Debug|x86.Build.0 = Debug|Win32
		{8DED51EB-6D9C-40DA-8304-4935B7F02473}.Release|x64.ActiveCfg = Release|x64
		{8DED51EB-6D9C-40DA-8304-4935B7F02473}.Release|x64.Build.0 = Release|x64
		{8DED51EB-6D9C-40DA-8304-4935B7F02473}.Release|x86.ActiveCfg = Release|Win32
		{8DED51EB-6D9C-40DA-8304-4935B7F02473}.Release|x86.Build.0 = Release|Win32
		{7D6FCC09-17FB-4472-8BA0-EDC2BE7C99D2}.Debug|x64.ActiveCfg = Debug|x64
		{7D6FCC09-17FB-4472-8BA0-EDC2BE7C99D2}.Debug|x64.Build.0 = Debug|x64
		{7D6FCC09-17FB-4472-8BA0-EDC2BE7C99D2}.Debug|x86.ActiveCfg = Debug|Win32
		{7D6FCC09-17FB-4472-8BA0-EDC2BE7C99D2}.Debug|x86.Build.0 = Debug|Win32
		{7D6FCC09-17FB-4472-8BA0-EDC2BE7C99D2}.Release|x64.ActiveCfg = Release|x64
		{7D6FCC09-17FB-4472-8BA0-EDC2BE7C99D2}.Release|x64.Build.0 = Release|x64
		{7D6FCC09-17FB-4472-8BA0-EDC2BE7C99D2}.Release|x86.ActiveCfg = Release|Win32
		{7D6FCC09-17FB-4472-8BA0-EDC2BE7C99D2}.Release|x86.Build.0 = Release|Win32
		{EA41C2FB-DBAF-4D9E-B916-6AEB87FBDA41}.Debug|x64.ActiveCfg = Debug|x64
		{EA41C2FB-DBAF-4D9E-B916-6AEB87FBDA41}.Debug|x64.Build.0 = Debug|x64
		{EA41C2FB-DBAF-4D9E-B916-6AEB87FBDA41}.Debug|x86.ActiveCfg = Debug|Win32
		{EA41C2FB-DBAF-4D9E-B916-6AEB87FBDA41}.Debug|x86.Build.0 = Debug|Win32
		{EA41C2FB-DBAF-4D9E-B916-6AEB87FBDA41}.Release|x64.ActiveCfg = Release|x64
		{EA41C2FB-DBAF-4D9E-B916-6AEB87FBDA41}.Release|x64.Build.0 = Release|x64
		{EA41C2FB-DBAF-4D9E-B916-6AEB87FBDA41}.Release|x86.ActiveCfg = Release|Win32
		{EA41C2FB-DBAF-4D9E-B916-6AEB87FBDA41}.Release|x86.Build.0 = Release|Win32
		{82F3C3F5-17A2-47E8-83EA-3E3376F6ADB5}.Debug|x64.ActiveCfg = Debug|x64
		{82F3C3F5-17A2-47E8-83EA-3E3376F6ADB5}.Debug|x64.Build.0 = Debug|x64
		{82F3C3F5-17A2-47E8-83EA-3E3376F6ADB5}.Debug|x86.ActiveCfg = Debug|Win32
		{82F3C3F5-17A2-47E8-83EA-3E3376F6ADB5}.Debug|x86.Build.0 = Debug|Win32
		{82F3C3F5-17A2-47E8-83EA-3E3376F6ADB5}.Release|x64.ActiveCfg = Release|x64
		{82F3C3F5-17A2-47E8-83EA-3E3376F6ADB5}.Release|x64.Build.0 = Release|x64
		{82F3C3F5-17A2-47E8-83EA-3E3376F6ADB5}.Release|x86.ActiveCfg = Release|Win32
		{82F3C3F5-17A2-47E8-83EA-3E3376F6ADB5}.Release|x86.Build.0 = Release|Win32
	EndGlobalSection
	GlobalSection(SolutionProperties) = preSolution
		HideSolutionNode = FALSE
	EndGlobalSection
	GlobalSection(ExtensibilityGlobals) = postSolution
		SolutionGuid = {99856F32-7C0B-4A2B-AF7E-BCD778770ED3}
	EndGlobalSection
EndGlobal
